{
  "lockfileVersion": 1,
  "configVersion": 1,
  "workspaces": {
    "": {
      "name": "pr-review-agent",
      "dependencies": {
        "@langchain/anthropic": "1.5.1",
        "@langchain/core": "1.2.1",
        "@langchain/langgraph": "1.4.7",
        "@langchain/openai": "1.5.3",
        "langchain": "1.5.2",
        "langsmith": "0.7.15",
        "zod": "4.4.3",
      },
      "devDependencies": {
        "@types/bun": "1.3.6",
        "typescript": "5.9.2",
      },
    },
  },
  "packages": {
    "@anthropic-ai/sdk": ["@anthropic-ai/sdk@0.103.0", "", { "dependencies": { "json-schema-to-ts": "^3.1.1", "standardwebhooks": "^1.0.0" }, "peerDependencies": { "zod": "^3.25.0 || ^4.0.0" }, "optionalPeers": ["zod"], "bin": { "anthropic-ai-sdk": "bin/cli" } }, "sha512-1uG7RNgoHTUxzOXqSCODKt0UTVlxWiHk/2Tt2/uQJiPW7XzBeKVuJyd3Aw6T3LPyvZV/jDTnPLX7SaM70WLLjA=="],

    "@babel/runtime": ["@babel/runtime@7.29.7", "", {}, "sha512-Nq8OhGWiZIZGV6hLHoyAKLLcJihP/xFeBMGJoUrxTX2psI8dCifzLhZISFb+VWS3wFMRDmCGw5R+dOySCqPLhw=="],

    "@cfworker/json-schema": ["@cfworker/json-schema@4.1.1", "", {}, "sha512-gAmrUZSGtKc3AiBL71iNWxDsyUC5uMaKKGdvzYsBoTW/xi42JQHl7eKV2OYzCUqvc+D2RCcf7EXY2iCyFIk6og=="],

    "@langchain/anthropic": ["@langchain/anthropic@1.5.1", "", { "dependencies": { "@anthropic-ai/sdk": "^0.103.0", "zod": "^3.25.76 || ^4" }, "peerDependencies": { "@langchain/core": "^1.2.1" } }, "sha512-j92zCCd5BFH3rHMRzc2wBmSKDoVpinof1oh8aFiAz9TWbSOc4tGU4n6bqwy/wP0GH1uO96zZHLGCHBMPgrxTNw=="],

    "@langchain/core": ["@langchain/core@1.2.1", "", { "dependencies": { "@cfworker/json-schema": "^4.0.2", "@standard-schema/spec": "^1.1.0", "js-tiktoken": "^1.0.12", "langsmith": ">=0.5.0 <1.0.0", "mustache": "^4.2.0", "p-queue": "^6.6.2", "zod": "^3.25.76 || ^4" } }, "sha512-NNG/cC5FGuHDOAP56h0ddp8Rfk8p+othWzEK5RV9JIG6RvnF5vGa5r0AEGtKfQieed7s1kC42GuIzVOBvMBL/g=="],

    "@langchain/langgraph": ["@langchain/langgraph@1.4.7", "", { "dependencies": { "@langchain/langgraph-checkpoint": "^1.1.3", "@langchain/langgraph-sdk": "~1.9.25", "@langchain/protocol": "^0.0.18", "@standard-schema/spec": "1.1.0" }, "peerDependencies": { "@langchain/core": "^1.1.48", "zod": "^3.25.32 || ^4.2.0" } }, "sha512-2tcyf3QGC7v89kqSxMCtRvzg/3L/4yHtOaWC49A8KieCciWJs7LGaxHoPB6QRxXyUgyR+Zg9Q1ss/XJIE+JuSQ=="],

    "@langchain/langgraph-checkpoint": ["@langchain/langgraph-checkpoint@1.1.3", "", { "peerDependencies": { "@langchain/core": "^1.1.48" } }, "sha512-wgzdQNeEsdw1e+4lvlj0tdq/RYR/k1vPin10g0ymGoehZDDgd9nvIllGXSXN4TFgF9sf5qQP/KTkOcLfeseIhA=="],

    "@langchain/langgraph-sdk": ["@langchain/langgraph-sdk@1.9.25", "", { "dependencies": { "@langchain/protocol": "^0.0.18", "@types/json-schema": "^7.0.15", "p-queue": "^9.0.1", "p-retry": "^7.1.1" }, "peerDependencies": { "@langchain/core": "^1.1.48", "react": "^18 || ^19", "react-dom": "^18 || ^19", "svelte": "^4.0.0 || ^5.0.0", "vue": "^3.0.0" }, "optionalPeers": ["react", "react-dom", "svelte", "vue"] }, "sha512-mRKW8zyQUaHox+HirRFMRrPqOvNbQI3xeXDt6kkk4PbBg77V92bsO1WzUVNrmJ81zCkvxyOrWSK8D6ioCj0a8A=="],

    "@langchain/openai": ["@langchain/openai@1.5.3", "", { "dependencies": { "js-tiktoken": "^1.0.12", "openai": "^6.41.0", "zod": "^3.25.76 || ^4" }, "peerDependencies": { "@langchain/core": "^1.2.1" } }, "sha512-OStS2AUvy9oe/hEf/3ndBOFztUDOfuJYLNXh89m3iiJAI2Cp5Dp0n/pvpO27MO0b+VgENd+xSHVyQZ7fe+ulxg=="],

    "@langchain/protocol": ["@langchain/protocol@0.0.18", "", {}, "sha512-XW1egQtPfsGI41w2AMZNFZrUIwFSQHTjVMZs0OaTpCAvht/QLoaPN8FQcsysMVypOhupG28J29yOorrc70otBQ=="],

    "@stablelib/base64": ["@stablelib/base64@1.0.1", "", {}, "sha512-1bnPQqSxSuc3Ii6MhBysoWCg58j97aUjuCSZrGSmDxNqtytIi0k8utUenAwTZN4V5mXXYGsVUI9zeBqy+jBOSQ=="],

    "@standard-schema/spec": ["@standard-schema/spec@1.1.0", "", {}, "sha512-l2aFy5jALhniG5HgqrD6jXLi/rUWrKvqN/qJx6yoJsgKhblVd+iqqU4RCXavm/jPityDo5TCvKMnpjKnOriy0w=="],

    "@types/bun": ["@types/bun@1.3.6", "", { "dependencies": { "bun-types": "1.3.6" } }, "sha512-uWCv6FO/8LcpREhenN1d1b6fcspAB+cefwD7uti8C8VffIv0Um08TKMn98FynpTiU38+y2dUO55T11NgDt8VAA=="],

    "@types/json-schema": ["@types/json-schema@7.0.15", "", {}, "sha512-5+fP8P8MFNC+AyZCDxrB2pkZFPGzqQWUzpSeuuVLvm8VMcorNYavBqoFcxK8bQz4Qsbn4oUEEem4wDLfcysGHA=="],

    "@types/node": ["@types/node@26.1.0", "", { "dependencies": { "undici-types": "~8.3.0" } }, "sha512-O0A1G3xPGy4w7AgQdAQYUlQ+BKk2Oovw8eRpofyp5KdBZULnbe+WqaOVNrm705SHphCiG4XHsACrSmPu1f+Kgw=="],

    "base64-js": ["base64-js@1.5.1", "", {}, "sha512-AKpaYlHn8t4SVbOHCy+b5+KKgvR4vrsD8vbvrbiQJps7fKDTkjkDry6ji0rUJjC0kzbNePLwzxq8iypo41qeWA=="],

    "bun-types": ["bun-types@1.3.6", "", { "dependencies": { "@types/node": "*" } }, "sha512-OlFwHcnNV99r//9v5IIOgQ9Uk37gZqrNMCcqEaExdkVq3Avwqok1bJFmvGMCkCE0FqzdY8VMOZpfpR3lwI+CsQ=="],

    "eventemitter3": ["eventemitter3@4.0.7", "", {}, "sha512-8guHBZCwKnFhYdHr2ysuRWErTwhoN2X8XELRlrRwpmfeY2jjuUN4taQMsULKUVo1K4DvZl+0pgfyoysHxvmvEw=="],

    "fast-sha256": ["fast-sha256@1.3.0", "", {}, "sha512-n11RGP/lrWEFI/bWdygLxhI+pVeo1ZYIVwvvPkW7azl/rOy+F3HYRZ2K5zeE9mmkhQppyv9sQFx0JM9UabnpPQ=="],

    "is-network-error": ["is-network-error@1.3.2", "", {}, "sha512-PhBY86zaxNZUuWP6h13Vu5oFe0XY6/UlKzQnYFELzGVHygP3MxmvTfYSG7GN3aIab/iWudSMgjSnG9Dq+nHrgA=="],

    "js-tiktoken": ["js-tiktoken@1.0.21", "", { "dependencies": { "base64-js": "^1.5.1" } }, "sha512-biOj/6M5qdgx5TKjDnFT1ymSpM5tbd3ylwDtrQvFQSu0Z7bBYko2dF+W/aUkXUPuk6IVpRxk/3Q2sHOzGlS36g=="],

    "json-schema-to-ts": ["json-schema-to-ts@3.1.1", "", { "dependencies": { "@babel/runtime": "^7.18.3", "ts-algebra": "^2.0.0" } }, "sha512-+DWg8jCJG2TEnpy7kOm/7/AxaYoaRbjVB4LFZLySZlWn8exGs3A4OLJR966cVvU26N7X9TWxl+Jsw7dzAqKT6g=="],

    "langchain": ["langchain@1.5.2", "", { "dependencies": { "@langchain/langgraph": "^1.4.4", "@langchain/langgraph-checkpoint": "^1.1.2", "langsmith": ">=0.5.0 <1.0.0", "zod": "^3.25.76 || ^4" }, "peerDependencies": { "@langchain/core": "^1.2.1" } }, "sha512-5vCWYvzxuY7gJ8UCgSZ17SM45gou5PtRguFgeQIyCnHzGZQUFLHKi/eQArL3Ad98fJ/UiOEAaTXiI3jfIdoABg=="],

    "langsmith": ["langsmith@0.7.15", "", { "dependencies": { "p-queue": "6.6.2" }, "peerDependencies": { "@opentelemetry/api": "*", "@opentelemetry/exporter-trace-otlp-proto": "*", "@opentelemetry/sdk-trace-base": "*", "openai": "*", "ws": ">=7" }, "optionalPeers": ["@opentelemetry/api", "@opentelemetry/exporter-trace-otlp-proto", "@opentelemetry/sdk-trace-base", "openai", "ws"] }, "sha512-huRfzLKcREE+ABkqKEriXK8Ax9V+xuV3d3x4PINEGi+hi4qyTvB4Nc2dpLSyfW/Ioj6+6d7T8majjWCe7mXc8A=="],

    "mustache": ["mustache@4.2.0", "", { "bin": { "mustache": "bin/mustache" } }, "sha512-71ippSywq5Yb7/tVYyGbkBggbU8H3u5Rz56fH60jGFgr8uHwxs+aSKeqmluIVzM0m0kB7xQjKS6qPfd0b2ZoqQ=="],

    "openai": ["openai@6.45.0", "", { "peerDependencies": { "@aws-sdk/credential-provider-node": ">=3.972.0 <4", "@smithy/hash-node": ">=4.3.0 <5", "@smithy/signature-v4": ">=5.4.0 <6", "ws": "^8.18.0", "zod": "^3.25 || ^4.0" }, "optionalPeers": ["@aws-sdk/credential-provider-node", "@smithy/hash-node", "@smithy/signature-v4", "ws", "zod"] }, "sha512-5DQVNErssk0afNpTTHUm/qZPU4iKR9OYdNid8Ib4puq4gHNNvGWZht2zY4h9a8JMF949Ik6m8gQutllVPbjdnw=="],

    "p-finally": ["p-finally@1.0.0", "", {}, "sha512-LICb2p9CB7FS+0eR1oqWnHhp0FljGLZCWBE9aix0Uye9W8LTQPwMTYVGWQWIw9RdQiDg4+epXQODwIYJtSJaow=="],

    "p-queue": ["p-queue@6.6.2", "", { "dependencies": { "eventemitter3": "^4.0.4", "p-timeout": "^3.2.0" } }, "sha512-RwFpb72c/BhQLEXIZ5K2e+AhgNVmIejGlTgiB9MzZ0e93GRvqZ7uSi0dvRF7/XIXDeNkra2fNHBxTyPDGySpjQ=="],

    "p-retry": ["p-retry@7.1.1", "", { "dependencies": { "is-network-error": "^1.1.0" } }, "sha512-J5ApzjyRkkf601HpEeykoiCvzHQjWxPAHhyjFcEUP2SWq0+35NKh8TLhpLw+Dkq5TZBFvUM6UigdE9hIVYTl5w=="],

    "p-timeout": ["p-timeout@3.2.0", "", { "dependencies": { "p-finally": "^1.0.0" } }, "sha512-rhIwUycgwwKcP9yTOOFK/AKsAopjjCakVqLHePO3CC6Mir1Z99xT+R63jZxAT5lFZLa2inS5h+ZS2GvR99/FBg=="],

    "standardwebhooks": ["standardwebhooks@1.0.0", "", { "dependencies": { "@stablelib/base64": "^1.0.0", "fast-sha256": "^1.3.0" } }, "sha512-BbHGOQK9olHPMvQNHWul6MYlrRTAOKn03rOe4A8O3CLWhNf4YHBqq2HJKKC+sfqpxiBY52pNeesD6jIiLDz8jg=="],

    "ts-algebra": ["ts-algebra@2.0.0", "", {}, "sha512-FPAhNPFMrkwz76P7cdjdmiShwMynZYN6SgOujD1urY4oNm80Ou9oMdmbR45LotcKOXoy7wSmHkRFE6Mxbrhefw=="],

    "typescript": ["typescript@5.9.2", "", { "bin": { "tsc": "bin/tsc", "tsserver": "bin/tsserver" } }, "sha512-CWBzXQrc/qOkhidw1OzBTQuYRbfyxDXJMVJ1XNwUHGROVmuaeiEm3OslpZ1RV96d7SKKjZKrSJu3+t/xlw3R9A=="],

    "undici-types": ["undici-types@8.3.0", "", {}, "sha512-j375ScV60dom+YkPFIfTLcOiPxkN/buHz5GobjLhixFuANaNs3C9l4GmrWqejgXWJ7BbJcFYpTEUkS1Ge8bpZQ=="],

    "zod": ["zod@4.4.3", "", {}, "sha512-ytENFjIJFl2UwYglde2jchW2Hwm4GJFLDiSXWdTrJQBIN9Fcyp7n4DhxJEiWNAJMV1/BqWfW/kkg71UDcHJyTQ=="],

    "@langchain/langgraph-sdk/p-queue": ["p-queue@9.3.1", "", { "dependencies": { "eventemitter3": "^5.0.4", "p-timeout": "^7.0.0" } }, "sha512-POWdiIPmsUPGwb4FeQ4OBg46aqmcInSWe45CKDsGHiOBiVQM9chqfQTuqhuTzcg2Vz9faTI65at0KkVyVEiCHw=="],

    "@langchain/langgraph-sdk/p-queue/eventemitter3": ["eventemitter3@5.0.4", "", {}, "sha512-mlsTRyGaPBjPedk6Bvw+aqbsXDtoAyAzm5MO7JgU+yVRyMQ5O8bD4Kcci7BS85f93veegeCPkL8R4GLClnjLFw=="],

    "@langchain/langgraph-sdk/p-queue/p-timeout": ["p-timeout@7.0.1", "", {}, "sha512-AxTM2wDGORHGEkPCt8yqxOTMgpfbEHqF51f/5fJCmwFC3C/zNcGT63SymH2ttOAaiIws2zVg4+izQCjrakcwHg=="],
  }
}
